
Microsoft Visual Studio Solution File, Format Version 12.00
# Visual Studio Version 17
VisualStudioVersion = 17.2.32630.192
MinimumVisualStudioVersion = 10.0.40219.1
Project("{FAE04EC0-301F-11D3-BF4B-00C04F79EFBC}") = "SchoolManagementAPI", "SchoolManagementAPI\SchoolManagementAPI.csproj", "{779AC81B-6FBD-4D0C-8FD7-840A12ABEDCA}"
EndProject
Global
	GlobalSection(SolutionConfigurationPlatforms) = preSolution
		Debug|Any CPU = Debug|Any CPU
		Release|Any CPU = Release|Any CPU
	EndGlobalSection
	GlobalSection(ProjectConfigurationPlatforms) = postSolution
		{779AC81B-6FBD-4D0C-8FD7-840A12ABEDCA}.Debug|Any CPU.ActiveCfg = Debug|Any CPU
		{779AC81B-6FBD-4D0C-8FD7-840A12ABEDCA}.Debug|Any CPU.Build.0 = Debug|Any CPU
		{779AC81B-6FBD-4D0C-8FD7-840A12ABEDCA}.Release|Any CPU.ActiveCfg = Release|Any CPU
		{779AC81B-6FBD-4D0C-8FD7-840A12ABEDCA}.Release|Any CPU.Build.0 = Release|Any CPU
	EndGlobalSection
	GlobalSection(SolutionProperties) = preSolution
		HideSolutionNode = FALSE
	EndGlobalSection
	GlobalSection(ExtensibilityGlobals) = postSolution
		SolutionGuid = {0906CC65-5267-4412-9C99-3408D2872EA0}
	EndGlobalSection
EndGlobal
